PODS:
  - DropDown (2.0.2)
  - SZTextView (1.2.2)

DEPENDENCIES:
  - DropDown (from `https://github.com/erdem-inan/DropDown`, commit `0f6a49c`)
  - SZTextView

EXTERNAL SOURCES:
  DropDown:
    :commit: 0f6a49c
    :git: https://github.com/erdem-inan/DropDown

CHECKOUT OPTIONS:
  DropDown:
    :commit: 0f6a49c
    :git: https://github.com/erdem-inan/DropDown

SPEC CHECKSUMS:
  DropDown: 42710d06a46ecdf431628464b65aac77d9d6a930
  SZTextView: 3a81174dce0710a9ab069bc73a813e6df53b9c82

PODFILE CHECKSUM: 644e47554a5d77ae398f53e00f13246cc65a9286

COCOAPODS: 1.3.1
